{
  "name": "headers",
  "version": "1.0.0",
  "lockfileVersion": 1,
  "requires": true,
  "dependencies": {
    "hasurl": {
      "version": "1.0.0",
      "resolved": "https://registry.npmjs.org/hasurl/-/hasurl-1.0.0.tgz",
      "integrity": "sha512-43ypUd3DbwyCT01UYpA99AEZxZ4aKtRxWGBHEIbjcOsUghd9YUON0C+JF6isNjaiwC/UF5neaUudy6JS9jZPZQ=="
    },
    "lodash.sortby": {
      "version": "4.7.0",
      "resolved": "https://registry.npmjs.org/lodash.sortby/-/lodash.sortby-4.7.0.tgz",
      "integrity": "sha1-7dFMgk4sycHgsKG0K7UhBRakJDg="
    },
    "prettier": {
      "version": "1.18.2",
      "resolved": "https://registry.npmjs.org/prettier/-/prettier-1.18.2.tgz",
      "integrity": "sha512-OeHeMc0JhFE9idD4ZdtNibzY0+TPHSpSSb9h8FqtP+YnoZZ1sl8Vc9b1sasjfymH3SonAF4QcA2+mzHPhMvIiw==",
      "dev": true
    },
    "punycode": {
      "version": "2.1.1",
      "resolved": "https://registry.npmjs.org/punycode/-/punycode-2.1.1.tgz",
      "integrity": "sha512-XRsRjdf+j5ml+y/6GKHPZbrF/8p2Yga0JPtdqTIY2Xe5ohJPD9saDJJLPvp9+NSBprVvevdXZybnj2cv8OEd0A=="
    },
    "tr46": {
      "version": "1.0.1",
      "resolved": "https://registry.npmjs.org/tr46/-/tr46-1.0.1.tgz",
      "integrity": "sha1-qLE/1r/SSJUZZ0zN5VujaTtwbQk=",
      "requires": {
        "punycode": "^2.1.0"
      }
    },
    "universal-url": {
      "version": "2.0.0",
      "resolved": "https://registry.npmjs.org/universal-url/-/universal-url-2.0.0.tgz",
      "integrity": "sha512-3DLtXdm/G1LQMCnPj+Aw7uDoleQttNHp2g5FnNQKR6cP6taNWS1b/Ehjjx4PVyvejKi3TJyu8iBraKM4q3JQPg==",
      "requires": {
        "hasurl": "^1.0.0",
        "whatwg-url": "^7.0.0"
      }
    },
    "webidl-conversions": {
      "version": "4.0.2",
      "resolved": "https://registry.npmjs.org/webidl-conversions/-/webidl-conversions-4.0.2.tgz",
      "integrity": "sha512-YQ+BmxuTgd6UXZW3+ICGfyqRyHXVlD5GtQr5+qjiNW7bF0cqrzX500HVXPBOvgXb5YnzDd+h0zqyv61KUD7+Sg=="
    },
    "whatwg-url": {
      "version": "7.0.0",
      "resolved": "https://registry.npmjs.org/whatwg-url/-/whatwg-url-7.0.0.tgz",
      "integrity": "sha512-37GeVSIJ3kn1JgKyjiYNmSLP1yzbpb29jdmwBSgkD9h40/hyrR/OifpVUndji3tmwGgD8qpw7iQu3RSbCrBpsQ==",
      "requires": {
        "lodash.sortby": "^4.7.0",
        "tr46": "^1.0.1",
        "webidl-conversions": "^4.0.2"
      }
    }
  }
}
